// !$*UTF8*$!
{
	archiveVersion = 1;
	classes = {
	};
	objectVersion = 56;
	objects = {

/* Begin PBXBuildFile section */
		03CF3690C264895DF9BBA07A /* Pods_Esprit_SpaceTests.framework in Frameworks */ = {isa = PBXBuildFile; fileRef = 1840F08C9EECA9637AEC6095 /* Pods_Esprit_SpaceTests.framework */; };
		0A137FAE29CC51E0001C74B0 /* BottomBar-SwiftUI in Frameworks */ = {isa = PBXBuildFile; productRef = 0A137FAD29CC51E0001C74B0 /* BottomBar-SwiftUI */; };
		0A2461CD29EC22560044D94B /* ClasseViewModel.swift in Sources */ = {isa = PBXBuildFile; fileRef = 0A2461CC29EC22560044D94B /* ClasseViewModel.swift */; };
		0A2461CF29EC22600044D94B /* Classe.swift in Sources */ = {isa = PBXBuildFile; fileRef = 0A2461CE29EC22600044D94B /* Classe.swift */; };
		0A8651E529E81FFF00F1C24F /* HomepageView.swift in Sources */ = {isa = PBXBuildFile; fileRef = 0A8651E429E81FFF00F1C24F /* HomepageView.swift */; };
		0A8651E729E820FD00F1C24F /* EditProfileView.swift in Sources */ = {isa = PBXBuildFile; fileRef = 0A8651E629E820FD00F1C24F /* EditProfileView.swift */; };
		0A8651E929E8214B00F1C24F /* NotesViewModel.swift in Sources */ = {isa = PBXBuildFile; fileRef = 0A8651E829E8214B00F1C24F /* NotesViewModel.swift */; };
		0A8651EB29E8216900F1C24F /* Note.swift in Sources */ = {isa = PBXBuildFile; fileRef = 0A8651EA29E8216900F1C24F /* Note.swift */; };
		0A8651ED29E8219C00F1C24F /* NotesView.swift in Sources */ = {isa = PBXBuildFile; fileRef = 0A8651EC29E8219C00F1C24F /* NotesView.swift */; };
		0A8651EF29E821CE00F1C24F /* TimetableView.swift in Sources */ = {isa = PBXBuildFile; fileRef = 0A8651EE29E821CE00F1C24F /* TimetableView.swift */; };
		0AA4E97F29CB7ADA00DD44EB /* HomeView.swift in Sources */ = {isa = PBXBuildFile; fileRef = 0AA4E97E29CB7ADA00DD44EB /* HomeView.swift */; };
		910B94720413FB8DEC0F4E8F /* Pods_Esprit_Space_Esprit_SpaceUITests.framework in Frameworks */ = {isa = PBXBuildFile; fileRef = 6E35455E2E1E9F6624479894 /* Pods_Esprit_Space_Esprit_SpaceUITests.framework */; };
		A4C908FBACC5E8B63189DC54 /* Pods_Esprit_Space.framework in Frameworks */ = {isa = PBXBuildFile; fileRef = 5BC9BF38828BEF0F5E2C9EAB /* Pods_Esprit_Space.framework */; };
		D766A9A029E6DD260059A807 /* ForgetView.swift in Sources */ = {isa = PBXBuildFile; fileRef = D766A99F29E6DD260059A807 /* ForgetView.swift */; };
		D766A9A229E6DD6E0059A807 /* forgot2.swift in Sources */ = {isa = PBXBuildFile; fileRef = D766A9A129E6DD6D0059A807 /* forgot2.swift */; };
		D766A9A429E6DD800059A807 /* forgot3.swift in Sources */ = {isa = PBXBuildFile; fileRef = D766A9A329E6DD7F0059A807 /* forgot3.swift */; };
		D7982CED29D2EEF10005257B /* User.swift in Sources */ = {isa = PBXBuildFile; fileRef = D7982CEC29D2EEF10005257B /* User.swift */; };
		D7982CF029D2F1060005257B /* UserViewModel.swift in Sources */ = {isa = PBXBuildFile; fileRef = D7982CEF29D2F1060005257B /* UserViewModel.swift */; };
		E4B5F20B29C1106F00BD201D /* Esprit_SpaceApp.swift in Sources */ = {isa = PBXBuildFile; fileRef = E4B5F20A29C1106F00BD201D /* Esprit_SpaceApp.swift */; };
		E4B5F20D29C1106F00BD201D /* ContentView.swift in Sources */ = {isa = PBXBuildFile; fileRef = E4B5F20C29C1106F00BD201D /* ContentView.swift */; };
		E4B5F20F29C1107000BD201D /* Assets.xcassets in Resources */ = {isa = PBXBuildFile; fileRef = E4B5F20E29C1107000BD201D /* Assets.xcassets */; };
		E4B5F21229C1107000BD201D /* Preview Assets.xcassets in Resources */ = {isa = PBXBuildFile; fileRef = E4B5F21129C1107000BD201D /* Preview Assets.xcassets */; };
		E4B5F21429C1107000BD201D /* Persistence.swift in Sources */ = {isa = PBXBuildFile; fileRef = E4B5F21329C1107000BD201D /* Persistence.swift */; };
		E4B5F21729C1107000BD201D /* Esprit_Space.xcdatamodeld in Sources */ = {isa = PBXBuildFile; fileRef = E4B5F21529C1107000BD201D /* Esprit_Space.xcdatamodeld */; };
		E4B5F22129C1107000BD201D /* Esprit_SpaceTests.swift in Sources */ = {isa = PBXBuildFile; fileRef = E4B5F22029C1107000BD201D /* Esprit_SpaceTests.swift */; };
		E4B5F22B29C1107000BD201D /* Esprit_SpaceUITests.swift in Sources */ = {isa = PBXBuildFile; fileRef = E4B5F22A29C1107000BD201D /* Esprit_SpaceUITests.swift */; };
		E4B5F22D29C1107000BD201D /* Esprit_SpaceUITestsLaunchTests.swift in Sources */ = {isa = PBXBuildFile; fileRef = E4B5F22C29C1107000BD201D /* Esprit_SpaceUITestsLaunchTests.swift */; };
		E4B5F23A29C1125D00BD201D /* SignupView.swift in Sources */ = {isa = PBXBuildFile; fileRef = E4B5F23929C1125D00BD201D /* SignupView.swift */; };
		E4B5F24029C11C5200BD201D /* LoginView.swift in Sources */ = {isa = PBXBuildFile; fileRef = E4B5F23F29C11C5200BD201D /* LoginView.swift */; };
		E4B5F24229C1241600BD201D /* StudentProfileView.swift in Sources */ = {isa = PBXBuildFile; fileRef = E4B5F24129C1241600BD201D /* StudentProfileView.swift */; };
/* End PBXBuildFile section */

/* Begin PBXContainerItemProxy section */
		E4B5F21D29C1107000BD201D /* PBXContainerItemProxy */ = {
			isa = PBXContainerItemProxy;
			containerPortal = E4B5F1FF29C1106F00BD201D /* Project object */;
			proxyType = 1;
			remoteGlobalIDString = E4B5F20629C1106F00BD201D;
			remoteInfo = Esprit_Space;
		};
		E4B5F22729C1107000BD201D /* PBXContainerItemProxy */ = {
			isa = PBXContainerItemProxy;
			containerPortal = E4B5F1FF29C1106F00BD201D /* Project object */;
			proxyType = 1;
			remoteGlobalIDString = E4B5F20629C1106F00BD201D;
			remoteInfo = Esprit_Space;
		};
/* End PBXContainerItemProxy section */

/* Begin PBXFileReference section */
		0A2461CC29EC22560044D94B /* ClasseViewModel.swift */ = {isa = PBXFileReference; lastKnownFileType = sourcecode.swift; path = ClasseViewModel.swift; sourceTree = "<group>"; };
		0A2461CE29EC22600044D94B /* Classe.swift */ = {isa = PBXFileReference; lastKnownFileType = sourcecode.swift; path = Classe.swift; sourceTree = "<group>"; };
		0A8651E429E81FFF00F1C24F /* HomepageView.swift */ = {isa = PBXFileReference; lastKnownFileType = sourcecode.swift; path = HomepageView.swift; sourceTree = "<group>"; };
		0A8651E629E820FD00F1C24F /* EditProfileView.swift */ = {isa = PBXFileReference; lastKnownFileType = sourcecode.swift; path = EditProfileView.swift; sourceTree = "<group>"; };
		0A8651E829E8214B00F1C24F /* NotesViewModel.swift */ = {isa = PBXFileReference; lastKnownFileType = sourcecode.swift; path = NotesViewModel.swift; sourceTree = "<group>"; };
		0A8651EA29E8216900F1C24F /* Note.swift */ = {isa = PBXFileReference; lastKnownFileType = sourcecode.swift; path = Note.swift; sourceTree = "<group>"; };
		0A8651EC29E8219C00F1C24F /* NotesView.swift */ = {isa = PBXFileReference; lastKnownFileType = sourcecode.swift; path = NotesView.swift; sourceTree = "<group>"; };
		0A8651EE29E821CE00F1C24F /* TimetableView.swift */ = {isa = PBXFileReference; lastKnownFileType = sourcecode.swift; path = TimetableView.swift; sourceTree = "<group>"; };
		0AA4E97E29CB7ADA00DD44EB /* HomeView.swift */ = {isa = PBXFileReference; lastKnownFileType = sourcecode.swift; path = HomeView.swift; sourceTree = "<group>"; };
		1840F08C9EECA9637AEC6095 /* Pods_Esprit_SpaceTests.framework */ = {isa = PBXFileReference; explicitFileType = wrapper.framework; includeInIndex = 0; path = Pods_Esprit_SpaceTests.framework; sourceTree = BUILT_PRODUCTS_DIR; };
		22F4CD1FDF5243DE0E3B0E8D /* Pods-Esprit_Space-Esprit_SpaceUITests.debug.xcconfig */ = {isa = PBXFileReference; includeInIndex = 1; lastKnownFileType = text.xcconfig; name = "Pods-Esprit_Space-Esprit_SpaceUITests.debug.xcconfig"; path = "Target Support Files/Pods-Esprit_Space-Esprit_SpaceUITests/Pods-Esprit_Space-Esprit_SpaceUITests.debug.xcconfig"; sourceTree = "<group>"; };
		2C2743BABF3A73FB69D7AE85 /* Pods-Esprit_SpaceTests.debug.xcconfig */ = {isa = PBXFileReference; includeInIndex = 1; lastKnownFileType = text.xcconfig; name = "Pods-Esprit_SpaceTests.debug.xcconfig"; path = "Target Support Files/Pods-Esprit_SpaceTests/Pods-Esprit_SpaceTests.debug.xcconfig"; sourceTree = "<group>"; };
		54B148D78FD859F778571382 /* Pods-Esprit_SpaceTests.release.xcconfig */ = {isa = PBXFileReference; includeInIndex = 1; lastKnownFileType = text.xcconfig; name = "Pods-Esprit_SpaceTests.release.xcconfig"; path = "Target Support Files/Pods-Esprit_SpaceTests/Pods-Esprit_SpaceTests.release.xcconfig"; sourceTree = "<group>"; };
		56B45BF10E6EE6AD92A170D3 /* Pods-Esprit_Space-Esprit_SpaceUITests.release.xcconfig */ = {isa = PBXFileReference; includeInIndex = 1; lastKnownFileType = text.xcconfig; name = "Pods-Esprit_Space-Esprit_SpaceUITests.release.xcconfig"; path = "Target Support Files/Pods-Esprit_Space-Esprit_SpaceUITests/Pods-Esprit_Space-Esprit_SpaceUITests.release.xcconfig"; sourceTree = "<group>"; };
		5BC9BF38828BEF0F5E2C9EAB /* Pods_Esprit_Space.framework */ = {isa = PBXFileReference; explicitFileType = wrapper.framework; includeInIndex = 0; path = Pods_Esprit_Space.framework; sourceTree = BUILT_PRODUCTS_DIR; };
		5C485F1E4CE09AF4CE04A37C /* Pods-Esprit_Space.debug.xcconfig */ = {isa = PBXFileReference; includeInIndex = 1; lastKnownFileType = text.xcconfig; name = "Pods-Esprit_Space.debug.xcconfig"; path = "Target Support Files/Pods-Esprit_Space/Pods-Esprit_Space.debug.xcconfig"; sourceTree = "<group>"; };
		6E35455E2E1E9F6624479894 /* Pods_Esprit_Space_Esprit_SpaceUITests.framework */ = {isa = PBXFileReference; explicitFileType = wrapper.framework; includeInIndex = 0; path = Pods_Esprit_Space_Esprit_SpaceUITests.framework; sourceTree = BUILT_PRODUCTS_DIR; };
		B9598009CE4F776EA8E3C383 /* Pods-Esprit_Space.release.xcconfig */ = {isa = PBXFileReference; includeInIndex = 1; lastKnownFileType = text.xcconfig; name = "Pods-Esprit_Space.release.xcconfig"; path = "Target Support Files/Pods-Esprit_Space/Pods-Esprit_Space.release.xcconfig"; sourceTree = "<group>"; };
		D766A99F29E6DD260059A807 /* ForgetView.swift */ = {isa = PBXFileReference; lastKnownFileType = sourcecode.swift; path = ForgetView.swift; sourceTree = "<group>"; };
		D766A9A129E6DD6D0059A807 /* forgot2.swift */ = {isa = PBXFileReference; fileEncoding = 4; lastKnownFileType = sourcecode.swift; path = forgot2.swift; sourceTree = "<group>"; };
		D766A9A329E6DD7F0059A807 /* forgot3.swift */ = {isa = PBXFileReference; fileEncoding = 4; lastKnownFileType = sourcecode.swift; path = forgot3.swift; sourceTree = "<group>"; };
		D7982CEC29D2EEF10005257B /* User.swift */ = {isa = PBXFileReference; lastKnownFileType = sourcecode.swift; path = User.swift; sourceTree = "<group>"; };
		D7982CEF29D2F1060005257B /* UserViewModel.swift */ = {isa = PBXFileReference; lastKnownFileType = sourcecode.swift; path = UserViewModel.swift; sourceTree = "<group>"; };
		E4B5F20729C1106F00BD201D /* Esprit_Space.app */ = {isa = PBXFileReference; explicitFileType = wrapper.application; includeInIndex = 0; path = Esprit_Space.app; sourceTree = BUILT_PRODUCTS_DIR; };
		E4B5F20A29C1106F00BD201D /* Esprit_SpaceApp.swift */ = {isa = PBXFileReference; lastKnownFileType = sourcecode.swift; path = Esprit_SpaceApp.swift; sourceTree = "<group>"; };
		E4B5F20C29C1106F00BD201D /* ContentView.swift */ = {isa = PBXFileReference; lastKnownFileType = sourcecode.swift; path = ContentView.swift; sourceTree = "<group>"; };
		E4B5F20E29C1107000BD201D /* Assets.xcassets */ = {isa = PBXFileReference; lastKnownFileType = folder.assetcatalog; path = Assets.xcassets; sourceTree = "<group>"; };
		E4B5F21129C1107000BD201D /* Preview Assets.xcassets */ = {isa = PBXFileReference; lastKnownFileType = folder.assetcatalog; path = "Preview Assets.xcassets"; sourceTree = "<group>"; };
		E4B5F21329C1107000BD201D /* Persistence.swift */ = {isa = PBXFileReference; lastKnownFileType = sourcecode.swift; path = Persistence.swift; sourceTree = "<group>"; };
		E4B5F21629C1107000BD201D /* Esprit_Space.xcdatamodel */ = {isa = PBXFileReference; lastKnownFileType = wrapper.xcdatamodel; path = Esprit_Space.xcdatamodel; sourceTree = "<group>"; };
		E4B5F21C29C1107000BD201D /* Esprit_SpaceTests.xctest */ = {isa = PBXFileReference; explicitFileType = wrapper.cfbundle; includeInIndex = 0; path = Esprit_SpaceTests.xctest; sourceTree = BUILT_PRODUCTS_DIR; };
		E4B5F22029C1107000BD201D /* Esprit_SpaceTests.swift */ = {isa = PBXFileReference; lastKnownFileType = sourcecode.swift; path = Esprit_SpaceTests.swift; sourceTree = "<group>"; };
		E4B5F22629C1107000BD201D /* Esprit_SpaceUITests.xctest */ = {isa = PBXFileReference; explicitFileType = wrapper.cfbundle; includeInIndex = 0; path = Esprit_SpaceUITests.xctest; sourceTree = BUILT_PRODUCTS_DIR; };
		E4B5F22A29C1107000BD201D /* Esprit_SpaceUITests.swift */ = {isa = PBXFileReference; lastKnownFileType = sourcecode.swift; path = Esprit_SpaceUITests.swift; sourceTree = "<group>"; };
		E4B5F22C29C1107000BD201D /* Esprit_SpaceUITestsLaunchTests.swift */ = {isa = PBXFileReference; lastKnownFileType = sourcecode.swift; path = Esprit_SpaceUITestsLaunchTests.swift; sourceTree = "<group>"; };
		E4B5F23929C1125D00BD201D /* SignupView.swift */ = {isa = PBXFileReference; lastKnownFileType = sourcecode.swift; path = SignupView.swift; sourceTree = "<group>"; };
		E4B5F23F29C11C5200BD201D /* LoginView.swift */ = {isa = PBXFileReference; lastKnownFileType = sourcecode.swift; path = LoginView.swift; sourceTree = "<group>"; };
		E4B5F24129C1241600BD201D /* StudentProfileView.swift */ = {isa = PBXFileReference; lastKnownFileType = sourcecode.swift; path = StudentProfileView.swift; sourceTree = "<group>"; };
/* End PBXFileReference section */

/* Begin PBXFrameworksBuildPhase section */
		E4B5F20429C1106F00BD201D /* Frameworks */ = {
			isa = PBXFrameworksBuildPhase;
			buildActionMask = 2147483647;
			files = (
				0A137FAE29CC51E0001C74B0 /* BottomBar-SwiftUI in Frameworks */,
				A4C908FBACC5E8B63189DC54 /* Pods_Esprit_Space.framework in Frameworks */,
			);
			runOnlyForDeploymentPostprocessing = 0;
		};
		E4B5F21929C1107000BD201D /* Frameworks */ = {
			isa = PBXFrameworksBuildPhase;
			buildActionMask = 2147483647;
			files = (
				03CF3690C264895DF9BBA07A /* Pods_Esprit_SpaceTests.framework in Frameworks */,
			);
			runOnlyForDeploymentPostprocessing = 0;
		};
		E4B5F22329C1107000BD201D /* Frameworks */ = {
			isa = PBXFrameworksBuildPhase;
			buildActionMask = 2147483647;
			files = (
				910B94720413FB8DEC0F4E8F /* Pods_Esprit_Space_Esprit_SpaceUITests.framework in Frameworks */,
			);
			runOnlyForDeploymentPostprocessing = 0;
		};
/* End PBXFrameworksBuildPhase section */

/* Begin PBXGroup section */
		37157C9230B6FCDC14893450 /* Frameworks */ = {
			isa = PBXGroup;
			children = (
				5BC9BF38828BEF0F5E2C9EAB /* Pods_Esprit_Space.framework */,
				6E35455E2E1E9F6624479894 /* Pods_Esprit_Space_Esprit_SpaceUITests.framework */,
				1840F08C9EECA9637AEC6095 /* Pods_Esprit_SpaceTests.framework */,
			);
			name = Frameworks;
			sourceTree = "<group>";
		};
		787DBE5D52292D267419BA29 /* Pods */ = {
			isa = PBXGroup;
			children = (
				5C485F1E4CE09AF4CE04A37C /* Pods-Esprit_Space.debug.xcconfig */,
				B9598009CE4F776EA8E3C383 /* Pods-Esprit_Space.release.xcconfig */,
				22F4CD1FDF5243DE0E3B0E8D /* Pods-Esprit_Space-Esprit_SpaceUITests.debug.xcconfig */,
				56B45BF10E6EE6AD92A170D3 /* Pods-Esprit_Space-Esprit_SpaceUITests.release.xcconfig */,
				2C2743BABF3A73FB69D7AE85 /* Pods-Esprit_SpaceTests.debug.xcconfig */,
				54B148D78FD859F778571382 /* Pods-Esprit_SpaceTests.release.xcconfig */,
			);
			path = Pods;
			sourceTree = "<group>";
		};
		D7982CEB29D2EE5E0005257B /* Model */ = {
			isa = PBXGroup;
			children = (
				D7982CEC29D2EEF10005257B /* User.swift */,
				0A8651EA29E8216900F1C24F /* Note.swift */,
				0A2461CE29EC22600044D94B /* Classe.swift */,
			);
			path = Model;
			sourceTree = "<group>";
		};
		D7982CEE29D2F0BF0005257B /* ViewModel */ = {
			isa = PBXGroup;
			children = (
				D7982CEF29D2F1060005257B /* UserViewModel.swift */,
				0A8651E829E8214B00F1C24F /* NotesViewModel.swift */,
				0A2461CC29EC22560044D94B /* ClasseViewModel.swift */,
			);
			path = ViewModel;
			sourceTree = "<group>";
		};
		E4B5F1FE29C1106F00BD201D = {
			isa = PBXGroup;
			children = (
				E4B5F20929C1106F00BD201D /* Esprit_Space */,
				E4B5F21F29C1107000BD201D /* Esprit_SpaceTests */,
				E4B5F22929C1107000BD201D /* Esprit_SpaceUITests */,
				E4B5F20829C1106F00BD201D /* Products */,
				787DBE5D52292D267419BA29 /* Pods */,
				37157C9230B6FCDC14893450 /* Frameworks */,
			);
			sourceTree = "<group>";
		};
		E4B5F20829C1106F00BD201D /* Products */ = {
			isa = PBXGroup;
			children = (
				E4B5F20729C1106F00BD201D /* Esprit_Space.app */,
				E4B5F21C29C1107000BD201D /* Esprit_SpaceTests.xctest */,
				E4B5F22629C1107000BD201D /* Esprit_SpaceUITests.xctest */,
			);
			name = Products;
			sourceTree = "<group>";
		};
		E4B5F20929C1106F00BD201D /* Esprit_Space */ = {
			isa = PBXGroup;
			children = (
				D7982CEE29D2F0BF0005257B /* ViewModel */,
				D7982CEB29D2EE5E0005257B /* Model */,
				E4B5F20A29C1106F00BD201D /* Esprit_SpaceApp.swift */,
				E4B5F20C29C1106F00BD201D /* ContentView.swift */,
				E4B5F20E29C1107000BD201D /* Assets.xcassets */,
				E4B5F21329C1107000BD201D /* Persistence.swift */,
				E4B5F21529C1107000BD201D /* Esprit_Space.xcdatamodeld */,
				0A8651EE29E821CE00F1C24F /* TimetableView.swift */,
				E4B5F21029C1107000BD201D /* Preview Content */,
				E4B5F23929C1125D00BD201D /* SignupView.swift */,
				0A8651EC29E8219C00F1C24F /* NotesView.swift */,
				0A8651E629E820FD00F1C24F /* EditProfileView.swift */,
				0A8651E429E81FFF00F1C24F /* HomepageView.swift */,
				E4B5F23F29C11C5200BD201D /* LoginView.swift */,
				E4B5F24129C1241600BD201D /* StudentProfileView.swift */,
				0AA4E97E29CB7ADA00DD44EB /* HomeView.swift */,
				D766A9A129E6DD6D0059A807 /* forgot2.swift */,
				D766A9A329E6DD7F0059A807 /* forgot3.swift */,
				D766A99F29E6DD260059A807 /* ForgetView.swift */,
			);
			path = Esprit_Space;
			sourceTree = "<group>";
		};
		E4B5F21029C1107000BD201D /* Preview Content */ = {
			isa = PBXGroup;
			children = (
				E4B5F21129C1107000BD201D /* Preview Assets.xcassets */,
			);
			path = "Preview Content";
			sourceTree = "<group>";
		};
		E4B5F21F29C1107000BD201D /* Esprit_SpaceTests */ = {
			isa = PBXGroup;
			children = (
				E4B5F22029C1107000BD201D /* Esprit_SpaceTests.swift */,
			);
			path = Esprit_SpaceTests;
			sourceTree = "<group>";
		};
		E4B5F22929C1107000BD201D /* Esprit_SpaceUITests */ = {
			isa = PBXGroup;
			children = (
				E4B5F22A29C1107000BD201D /* Esprit_SpaceUITests.swift */,
				E4B5F22C29C1107000BD201D /* Esprit_SpaceUITestsLaunchTests.swift */,
			);
			path = Esprit_SpaceUITests;
			sourceTree = "<group>";
		};
/* End PBXGroup section */

/* Begin PBXNativeTarget section */
		E4B5F20629C1106F00BD201D /* Esprit_Space */ = {
			isa = PBXNativeTarget;
			buildConfigurationList = E4B5F23029C1107000BD201D /* Build configuration list for PBXNativeTarget "Esprit_Space" */;
			buildPhases = (
				CC3C6EE5E1847DCB9F70ECBD /* [CP] Check Pods Manifest.lock */,
				E4B5F20329C1106F00BD201D /* Sources */,
				E4B5F20429C1106F00BD201D /* Frameworks */,
				E4B5F20529C1106F00BD201D /* Resources */,
				F351F63E6E0EA1C93EEC52AC /* [CP] Embed Pods Frameworks */,
			);
			buildRules = (
			);
			dependencies = (
			);
			name = Esprit_Space;
			packageProductDependencies = (
				0A137FAD29CC51E0001C74B0 /* BottomBar-SwiftUI */,
			);
			productName = Esprit_Space;
			productReference = E4B5F20729C1106F00BD201D /* Esprit_Space.app */;
			productType = "com.apple.product-type.application";
		};
		E4B5F21B29C1107000BD201D /* Esprit_SpaceTests */ = {
			isa = PBXNativeTarget;
			buildConfigurationList = E4B5F23329C1107000BD201D /* Build configuration list for PBXNativeTarget "Esprit_SpaceTests" */;
			buildPhases = (
				55B03F0C36EDFD82E8FD9F6A /* [CP] Check Pods Manifest.lock */,
				E4B5F21829C1107000BD201D /* Sources */,
				E4B5F21929C1107000BD201D /* Frameworks */,
				E4B5F21A29C1107000BD201D /* Resources */,
			);
			buildRules = (
			);
			dependencies = (
				E4B5F21E29C1107000BD201D /* PBXTargetDependency */,
			);
			name = Esprit_SpaceTests;
			productName = Esprit_SpaceTests;
			productReference = E4B5F21C29C1107000BD201D /* Esprit_SpaceTests.xctest */;
			productType = "com.apple.product-type.bundle.unit-test";
		};
		E4B5F22529C1107000BD201D /* Esprit_SpaceUITests */ = {
			isa = PBXNativeTarget;
			buildConfigurationList = E4B5F23629C1107000BD201D /* Build configuration list for PBXNativeTarget "Esprit_SpaceUITests" */;
			buildPhases = (
				5E2339684BAC1E6F79F5BDB6 /* [CP] Check Pods Manifest.lock */,
				E4B5F22229C1107000BD201D /* Sources */,
				E4B5F22329C1107000BD201D /* Frameworks */,
				E4B5F22429C1107000BD201D /* Resources */,
				4E98B286FA239BC5464E273C /* [CP] Embed Pods Frameworks */,
			);
			buildRules = (
			);
			dependencies = (
				E4B5F22829C1107000BD201D /* PBXTargetDependency */,
			);
			name = Esprit_SpaceUITests;
			productName = Esprit_SpaceUITests;
			productReference = E4B5F22629C1107000BD201D /* Esprit_SpaceUITests.xctest */;
			productType = "com.apple.product-type.bundle.ui-testing";
		};
/* End PBXNativeTarget section */

/* Begin PBXProject section */
		E4B5F1FF29C1106F00BD201D /* Project object */ = {
			isa = PBXProject;
			attributes = {
				BuildIndependentTargetsInParallel = 1;
				LastSwiftUpdateCheck = 1410;
				LastUpgradeCheck = 1410;
				TargetAttributes = {
					E4B5F20629C1106F00BD201D = {
						CreatedOnToolsVersion = 14.1;
					};
					E4B5F21B29C1107000BD201D = {
						CreatedOnToolsVersion = 14.1;
						TestTargetID = E4B5F20629C1106F00BD201D;
					};
					E4B5F22529C1107000BD201D = {
						CreatedOnToolsVersion = 14.1;
						TestTargetID = E4B5F20629C1106F00BD201D;
					};
				};
			};
			buildConfigurationList = E4B5F20229C1106F00BD201D /* Build configuration list for PBXProject "Esprit_Space" */;
			compatibilityVersion = "Xcode 14.0";
			developmentRegion = en;
			hasScannedForEncodings = 0;
			knownRegions = (
				en,
				Base,
			);
			mainGroup = E4B5F1FE29C1106F00BD201D;
			packageReferences = (
				0A137FAC29CC51E0001C74B0 /* XCRemoteSwiftPackageReference "bottombar-swiftui" */,
			);
			productRefGroup = E4B5F20829C1106F00BD201D /* Products */;
			projectDirPath = "";
			projectRoot = "";
			targets = (
				E4B5F20629C1106F00BD201D /* Esprit_Space */,
				E4B5F21B29C1107000BD201D /* Esprit_SpaceTests */,
				E4B5F22529C1107000BD201D /* Esprit_SpaceUITests */,
			);
		};
/* End PBXProject section */

/* Begin PBXResourcesBuildPhase section */
		E4B5F20529C1106F00BD201D /* Resources */ = {
			isa = PBXResourcesBuildPhase;
			buildActionMask = 2147483647;
			files = (
				E4B5F21229C1107000BD201D /* Preview Assets.xcassets in Resources */,
				E4B5F20F29C1107000BD201D /* Assets.xcassets in Resources */,
			);
			runOnlyForDeploymentPostprocessing = 0;
		};
		E4B5F21A29C1107000BD201D /* Resources */ = {
			isa = PBXResourcesBuildPhase;
			buildActionMask = 2147483647;
			files = (
			);
			runOnlyForDeploymentPostprocessing = 0;
		};
		E4B5F22429C1107000BD201D /* Resources */ = {
			isa = PBXResourcesBuildPhase;
			buildActionMask = 2147483647;
			files = (
			);
			runOnlyForDeploymentPostprocessing = 0;
		};
/* End PBXResourcesBuildPhase section */

/* Begin PBXShellScriptBuildPhase section */
		4E98B286FA239BC5464E273C /* [CP] Embed Pods Frameworks */ = {
			isa = PBXShellScriptBuildPhase;
			buildActionMask = 2147483647;
			files = (
			);
			inputFileListPaths = (
				"${PODS_ROOT}/Target Support Files/Pods-Esprit_Space-Esprit_SpaceUITests/Pods-Esprit_Space-Esprit_SpaceUITests-frameworks-${CONFIGURATION}-input-files.xcfilelist",
			);
			name = "[CP] Embed Pods Frameworks";
			outputFileListPaths = (
				"${PODS_ROOT}/Target Support Files/Pods-Esprit_Space-Esprit_SpaceUITests/Pods-Esprit_Space-Esprit_SpaceUITests-frameworks-${CONFIGURATION}-output-files.xcfilelist",
			);
			runOnlyForDeploymentPostprocessing = 0;
			shellPath = /bin/sh;
			shellScript = "\"${PODS_ROOT}/Target Support Files/Pods-Esprit_Space-Esprit_SpaceUITests/Pods-Esprit_Space-Esprit_SpaceUITests-frameworks.sh\"\n";
			showEnvVarsInLog = 0;
		};
		55B03F0C36EDFD82E8FD9F6A /* [CP] Check Pods Manifest.lock */ = {
			isa = PBXShellScriptBuildPhase;
			buildActionMask = 2147483647;
			files = (
			);
			inputFileListPaths = (
			);
			inputPaths = (
				"${PODS_PODFILE_DIR_PATH}/Podfile.lock",
				"${PODS_ROOT}/Manifest.lock",
			);
			name = "[CP] Check Pods Manifest.lock";
			outputFileListPaths = (
			);
			outputPaths = (
				"$(DERIVED_FILE_DIR)/Pods-Esprit_SpaceTests-checkManifestLockResult.txt",
			);
			runOnlyForDeploymentPostprocessing = 0;
			shellPath = /bin/sh;
			shellScript = "diff \"${PODS_PODFILE_DIR_PATH}/Podfile.lock\" \"${PODS_ROOT}/Manifest.lock\" > /dev/null\nif [ $? != 0 ] ; then\n    # print error to STDERR\n    echo \"error: The sandbox is not in sync with the Podfile.lock. Run 'pod install' or update your CocoaPods installation.\" >&2\n    exit 1\nfi\n# This output is used by Xcode 'outputs' to avoid re-running this script phase.\necho \"SUCCESS\" > \"${SCRIPT_OUTPUT_FILE_0}\"\n";
			showEnvVarsInLog = 0;
		};
		5E2339684BAC1E6F79F5BDB6 /* [CP] Check Pods Manifest.lock */ = {
			isa = PBXShellScriptBuildPhase;
			buildActionMask = 2147483647;
			files = (
			);
			inputFileListPaths = (
			);
			inputPaths = (
				"${PODS_PODFILE_DIR_PATH}/Podfile.lock",
				"${PODS_ROOT}/Manifest.lock",
			);
			name = "[CP] Check Pods Manifest.lock";
			outputFileListPaths = (
			);
			outputPaths = (
				"$(DERIVED_FILE_DIR)/Pods-Esprit_Space-Esprit_SpaceUITests-checkManifestLockResult.txt",
			);
			runOnlyForDeploymentPostprocessing = 0;
			shellPath = /bin/sh;
			shellScript = "diff \"${PODS_PODFILE_DIR_PATH}/Podfile.lock\" \"${PODS_ROOT}/Manifest.lock\" > /dev/null\nif [ $? != 0 ] ; then\n    # print error to STDERR\n    echo \"error: The sandbox is not in sync with the Podfile.lock. Run 'pod install' or update your CocoaPods installation.\" >&2\n    exit 1\nfi\n# This output is used by Xcode 'outputs' to avoid re-running this script phase.\necho \"SUCCESS\" > \"${SCRIPT_OUTPUT_FILE_0}\"\n";
			showEnvVarsInLog = 0;
		};
		CC3C6EE5E1847DCB9F70ECBD /* [CP] Check Pods Manifest.lock */ = {
			isa = PBXShellScriptBuildPhase;
			buildActionMask = 2147483647;
			files = (
			);
			inputFileListPaths = (
			);
			inputPaths = (
				"${PODS_PODFILE_DIR_PATH}/Podfile.lock",
				"${PODS_ROOT}/Manifest.lock",
			);
			name = "[CP] Check Pods Manifest.lock";
			outputFileListPaths = (
			);
			outputPaths = (
				"$(DERIVED_FILE_DIR)/Pods-Esprit_Space-checkManifestLockResult.txt",
			);
			runOnlyForDeploymentPostprocessing = 0;
			shellPath = /bin/sh;
			shellScript = "diff \"${PODS_PODFILE_DIR_PATH}/Podfile.lock\" \"${PODS_ROOT}/Manifest.lock\" > /dev/null\nif [ $? != 0 ] ; then\n    # print error to STDERR\n    echo \"error: The sandbox is not in sync with the Podfile.lock. Run 'pod install' or update your CocoaPods installation.\" >&2\n    exit 1\nfi\n# This output is used by Xcode 'outputs' to avoid re-running this script phase.\necho \"SUCCESS\" > \"${SCRIPT_OUTPUT_FILE_0}\"\n";
			showEnvVarsInLog = 0;
		};
		F351F63E6E0EA1C93EEC52AC /* [CP] Embed Pods Frameworks */ = {
			isa = PBXShellScriptBuildPhase;
			buildActionMask = 2147483647;
			files = (
			);
			inputFileListPaths = (
				"${PODS_ROOT}/Target Support Files/Pods-Esprit_Space/Pods-Esprit_Space-frameworks-${CONFIGURATION}-input-files.xcfilelist",
			);
			name = "[CP] Embed Pods Frameworks";
			outputFileListPaths = (
				"${PODS_ROOT}/Target Support Files/Pods-Esprit_Space/Pods-Esprit_Space-frameworks-${CONFIGURATION}-output-files.xcfilelist",
			);
			runOnlyForDeploymentPostprocessing = 0;
			shellPath = /bin/sh;
			shellScript = "\"${PODS_ROOT}/Target Support Files/Pods-Esprit_Space/Pods-Esprit_Space-frameworks.sh\"\n";
			showEnvVarsInLog = 0;
		};
/* End PBXShellScriptBuildPhase section */

/* Begin PBXSourcesBuildPhase section */
		E4B5F20329C1106F00BD201D /* Sources */ = {
			isa = PBXSourcesBuildPhase;
			buildActionMask = 2147483647;
			files = (
				0A8651E729E820FD00F1C24F /* EditProfileView.swift in Sources */,
				0AA4E97F29CB7ADA00DD44EB /* HomeView.swift in Sources */,
				D766A9A029E6DD260059A807 /* ForgetView.swift in Sources */,
				D766A9A429E6DD800059A807 /* forgot3.swift in Sources */,
				0A8651EB29E8216900F1C24F /* Note.swift in Sources */,
				0A8651E929E8214B00F1C24F /* NotesViewModel.swift in Sources */,
				D7982CF029D2F1060005257B /* UserViewModel.swift in Sources */,
				E4B5F24029C11C5200BD201D /* LoginView.swift in Sources */,
				0A8651ED29E8219C00F1C24F /* NotesView.swift in Sources */,
				E4B5F24229C1241600BD201D /* StudentProfileView.swift in Sources */,
				E4B5F21429C1107000BD201D /* Persistence.swift in Sources */,
				E4B5F20D29C1106F00BD201D /* ContentView.swift in Sources */,
				E4B5F20B29C1106F00BD201D /* Esprit_SpaceApp.swift in Sources */,
				E4B5F21729C1107000BD201D /* Esprit_Space.xcdatamodeld in Sources */,
				0A8651EF29E821CE00F1C24F /* TimetableView.swift in Sources */,
				0A2461CD29EC22560044D94B /* ClasseViewModel.swift in Sources */,
				D7982CED29D2EEF10005257B /* User.swift in Sources */,
				0A8651E529E81FFF00F1C24F /* HomepageView.swift in Sources */,
				0A2461CF29EC22600044D94B /* Classe.swift in Sources */,
				D766A9A229E6DD6E0059A807 /* forgot2.swift in Sources */,
				E4B5F23A29C1125D00BD201D /* SignupView.swift in Sources */,
			);
			runOnlyForDeploymentPostprocessing = 0;
		};
		E4B5F21829C1107000BD201D /* Sources */ = {
			isa = PBXSourcesBuildPhase;
			buildActionMask = 2147483647;
			files = (
				E4B5F22129C1107000BD201D /* Esprit_SpaceTests.swift in Sources */,
			);
			runOnlyForDeploymentPostprocessing = 0;
		};
		E4B5F22229C1107000BD201D /* Sources */ = {
			isa = PBXSourcesBuildPhase;
			buildActionMask = 2147483647;
			files = (
				E4B5F22D29C1107000BD201D /* Esprit_SpaceUITestsLaunchTests.swift in Sources */,
				E4B5F22B29C1107000BD201D /* Esprit_SpaceUITests.swift in Sources */,
			);
			runOnlyForDeploymentPostprocessing = 0;
		};
/* End PBXSourcesBuildPhase section */

/* Begin PBXTargetDependency section */
		E4B5F21E29C1107000BD201D /* PBXTargetDependency */ = {
			isa = PBXTargetDependency;
			target = E4B5F20629C1106F00BD201D /* Esprit_Space */;
			targetProxy = E4B5F21D29C1107000BD201D /* PBXContainerItemProxy */;
		};
		E4B5F22829C1107000BD201D /* PBXTargetDependency */ = {
			isa = PBXTargetDependency;
			target = E4B5F20629C1106F00BD201D /* Esprit_Space */;
			targetProxy = E4B5F22729C1107000BD201D /* PBXContainerItemProxy */;
		};
/* End PBXTargetDependency section */

/* Begin XCBuildConfiguration section */
		E4B5F22E29C1107000BD201D /* Debug */ = {
			isa = XCBuildConfiguration;
			buildSettings = {
				ALWAYS_SEARCH_USER_PATHS = NO;
				CLANG_ANALYZER_NONNULL = YES;
				CLANG_ANALYZER_NUMBER_OBJECT_CONVERSION = YES_AGGRESSIVE;
				CLANG_CXX_LANGUAGE_STANDARD = "gnu++20";
				CLANG_ENABLE_MODULES = YES;
				CLANG_ENABLE_OBJC_ARC = YES;
				CLANG_ENABLE_OBJC_WEAK = YES;
				CLANG_WARN_BLOCK_CAPTURE_AUTORELEASING = YES;
				CLANG_WARN_BOOL_CONVERSION = YES;
				CLANG_WARN_COMMA = YES;
				CLANG_WARN_CONSTANT_CONVERSION = YES;
				CLANG_WARN_DEPRECATED_OBJC_IMPLEMENTATIONS = YES;
				CLANG_WARN_DIRECT_OBJC_ISA_USAGE = YES_ERROR;
				CLANG_WARN_DOCUMENTATION_COMMENTS = YES;
				CLANG_WARN_EMPTY_BODY = YES;
				CLANG_WARN_ENUM_CONVERSION = YES;
				CLANG_WARN_INFINITE_RECURSION = YES;
				CLANG_WARN_INT_CONVERSION = YES;
				CLANG_WARN_NON_LITERAL_NULL_CONVERSION = YES;
				CLANG_WARN_OBJC_IMPLICIT_RETAIN_SELF = YES;
				CLANG_WARN_OBJC_LITERAL_CONVERSION = YES;
				CLANG_WARN_OBJC_ROOT_CLASS = YES_ERROR;
				CLANG_WARN_QUOTED_INCLUDE_IN_FRAMEWORK_HEADER = YES;
				CLANG_WARN_RANGE_LOOP_ANALYSIS = YES;
				CLANG_WARN_STRICT_PROTOTYPES = YES;
				CLANG_WARN_SUSPICIOUS_MOVE = YES;
				CLANG_WARN_UNGUARDED_AVAILABILITY = YES_AGGRESSIVE;
				CLANG_WARN_UNREACHABLE_CODE = YES;
				CLANG_WARN__DUPLICATE_METHOD_MATCH = YES;
				COPY_PHASE_STRIP = NO;
				DEBUG_INFORMATION_FORMAT = dwarf;
				ENABLE_STRICT_OBJC_MSGSEND = YES;
				ENABLE_TESTABILITY = YES;
				GCC_C_LANGUAGE_STANDARD = gnu11;
				GCC_DYNAMIC_NO_PIC = NO;
				GCC_NO_COMMON_BLOCKS = YES;
				GCC_OPTIMIZATION_LEVEL = 0;
				GCC_PREPROCESSOR_DEFINITIONS = (
					"DEBUG=1",
					"$(inherited)",
				);
				GCC_WARN_64_TO_32_BIT_CONVERSION = YES;
				GCC_WARN_ABOUT_RETURN_TYPE = YES_ERROR;
				GCC_WARN_UNDECLARED_SELECTOR = YES;
				GCC_WARN_UNINITIALIZED_AUTOS = YES_AGGRESSIVE;
				GCC_WARN_UNUSED_FUNCTION = YES;
				GCC_WARN_UNUSED_VARIABLE = YES;
				IPHONEOS_DEPLOYMENT_TARGET = 16.1;
				MTL_ENABLE_DEBUG_INFO = INCLUDE_SOURCE;
				MTL_FAST_MATH = YES;
				ONLY_ACTIVE_ARCH = YES;
				SDKROOT = iphoneos;
				SWIFT_ACTIVE_COMPILATION_CONDITIONS = DEBUG;
				SWIFT_OPTIMIZATION_LEVEL = "-Onone";
			};
			name = Debug;
		};
		E4B5F22F29C1107000BD201D /* Release */ = {
			isa = XCBuildConfiguration;
			buildSettings = {
				ALWAYS_SEARCH_USER_PATHS = NO;
				CLANG_ANALYZER_NONNULL = YES;
				CLANG_ANALYZER_NUMBER_OBJECT_CONVERSION = YES_AGGRESSIVE;
				CLANG_CXX_LANGUAGE_STANDARD = "gnu++20";
				CLANG_ENABLE_MODULES = YES;
				CLANG_ENABLE_OBJC_ARC = YES;
				CLANG_ENABLE_OBJC_WEAK = YES;
				CLANG_WARN_BLOCK_CAPTURE_AUTORELEASING = YES;
				CLANG_WARN_BOOL_CONVERSION = YES;
				CLANG_WARN_COMMA = YES;
				CLANG_WARN_CONSTANT_CONVERSION = YES;
				CLANG_WARN_DEPRECATED_OBJC_IMPLEMENTATIONS = YES;
				CLANG_WARN_DIRECT_OBJC_ISA_USAGE = YES_ERROR;
				CLANG_WARN_DOCUMENTATION_COMMENTS = YES;
				CLANG_WARN_EMPTY_BODY = YES;
				CLANG_WARN_ENUM_CONVERSION = YES;
				CLANG_WARN_INFINITE_RECURSION = YES;
				CLANG_WARN_INT_CONVERSION = YES;
				CLANG_WARN_NON_LITERAL_NULL_CONVERSION = YES;
				CLANG_WARN_OBJC_IMPLICIT_RETAIN_SELF = YES;
				CLANG_WARN_OBJC_LITERAL_CONVERSION = YES;
				CLANG_WARN_OBJC_ROOT_CLASS = YES_ERROR;
				CLANG_WARN_QUOTED_INCLUDE_IN_FRAMEWORK_HEADER = YES;
				CLANG_WARN_RANGE_LOOP_ANALYSIS = YES;
				CLANG_WARN_STRICT_PROTOTYPES = YES;
				CLANG_WARN_SUSPICIOUS_MOVE = YES;
				CLANG_WARN_UNGUARDED_AVAILABILITY = YES_AGGRESSIVE;
				CLANG_WARN_UNREACHABLE_CODE = YES;
				CLANG_WARN__DUPLICATE_METHOD_MATCH = YES;
				COPY_PHASE_STRIP = NO;
				DEBUG_INFORMATION_FORMAT = "dwarf-with-dsym";
				ENABLE_NS_ASSERTIONS = NO;
				ENABLE_STRICT_OBJC_MSGSEND = YES;
				GCC_C_LANGUAGE_STANDARD = gnu11;
				GCC_NO_COMMON_BLOCKS = YES;
				GCC_WARN_64_TO_32_BIT_CONVERSION = YES;
				GCC_WARN_ABOUT_RETURN_TYPE = YES_ERROR;
				GCC_WARN_UNDECLARED_SELECTOR = YES;
				GCC_WARN_UNINITIALIZED_AUTOS = YES_AGGRESSIVE;
				GCC_WARN_UNUSED_FUNCTION = YES;
				GCC_WARN_UNUSED_VARIABLE = YES;
				IPHONEOS_DEPLOYMENT_TARGET = 16.1;
				MTL_ENABLE_DEBUG_INFO = NO;
				MTL_FAST_MATH = YES;
				SDKROOT = iphoneos;
				SWIFT_COMPILATION_MODE = wholemodule;
				SWIFT_OPTIMIZATION_LEVEL = "-O";
				VALIDATE_PRODUCT = YES;
			};
			name = Release;
		};
		E4B5F23129C1107000BD201D /* Debug */ = {
			isa = XCBuildConfiguration;
			baseConfigurationReference = 5C485F1E4CE09AF4CE04A37C /* Pods-Esprit_Space.debug.xcconfig */;
			buildSettings = {
				ASSETCATALOG_COMPILER_APPICON_NAME = AppIcon;
				ASSETCATALOG_COMPILER_GLOBAL_ACCENT_COLOR_NAME = AccentColor;
				CODE_SIGN_STYLE = Automatic;
				CURRENT_PROJECT_VERSION = 1;
				DEVELOPMENT_ASSET_PATHS = "\"Esprit_Space/Preview Content\"";
				ENABLE_PREVIEWS = YES;
				GENERATE_INFOPLIST_FILE = YES;
				INFOPLIST_KEY_UIApplicationSceneManifest_Generation = YES;
				INFOPLIST_KEY_UIApplicationSupportsIndirectInputEvents = YES;
				INFOPLIST_KEY_UILaunchScreen_Generation = YES;
				INFOPLIST_KEY_UISupportedInterfaceOrientations_iPad = "UIInterfaceOrientationPortrait UIInterfaceOrientationPortraitUpsideDown UIInterfaceOrientationLandscapeLeft UIInterfaceOrientationLandscapeRight";
				INFOPLIST_KEY_UISupportedInterfaceOrientations_iPhone = "UIInterfaceOrientationPortrait UIInterfaceOrientationLandscapeLeft UIInterfaceOrientationLandscapeRight";
				LD_RUNPATH_SEARCH_PATHS = (
					"$(inherited)",
					"@executable_path/Frameworks",
				);
				MARKETING_VERSION = 1.0;
				PRODUCT_BUNDLE_IDENTIFIER = "tn.esprit.Esprit-Space";
				PRODUCT_NAME = "$(TARGET_NAME)";
				SWIFT_EMIT_LOC_STRINGS = YES;
				SWIFT_VERSION = 5.0;
				TARGETED_DEVICE_FAMILY = "1,2";
			};
			name = Debug;
		};
		E4B5F23229C1107000BD201D /* Release */ = {
			isa = XCBuildConfiguration;
			baseConfigurationReference = B9598009CE4F776EA8E3C383 /* Pods-Esprit_Space.release.xcconfig */;
			buildSettings = {
				ASSETCATALOG_COMPILER_APPICON_NAME = AppIcon;
				ASSETCATALOG_COMPILER_GLOBAL_ACCENT_COLOR_NAME = AccentColor;
				CODE_SIGN_STYLE = Automatic;
				CURRENT_PROJECT_VERSION = 1;
				DEVELOPMENT_ASSET_PATHS = "\"Esprit_Space/Preview Content\"";
				ENABLE_PREVIEWS = YES;
				GENERATE_INFOPLIST_FILE = YES;
				INFOPLIST_KEY_UIApplicationSceneManifest_Generation = YES;
				INFOPLIST_KEY_UIApplicationSupportsIndirectInputEvents = YES;
				INFOPLIST_KEY_UILaunchScreen_Generation = YES;
				INFOPLIST_KEY_UISupportedInterfaceOrientations_iPad = "UIInterfaceOrientationPortrait UIInterfaceOrientationPortraitUpsideDown UIInterfaceOrientationLandscapeLeft UIInterfaceOrientationLandscapeRight";
				INFOPLIST_KEY_UISupportedInterfaceOrientations_iPhone = "UIInterfaceOrientationPortrait UIInterfaceOrientationLandscapeLeft UIInterfaceOrientationLandscapeRight";
				LD_RUNPATH_SEARCH_PATHS = (
					"$(inherited)",
					"@executable_path/Frameworks",
				);
				MARKETING_VERSION = 1.0;
				PRODUCT_BUNDLE_IDENTIFIER = "tn.esprit.Esprit-Space";
				PRODUCT_NAME = "$(TARGET_NAME)";
				SWIFT_EMIT_LOC_STRINGS = YES;
				SWIFT_VERSION = 5.0;
				TARGETED_DEVICE_FAMILY = "1,2";
			};
			name = Release;
		};
		E4B5F23429C1107000BD201D /* Debug */ = {
			isa = XCBuildConfiguration;
			baseConfigurationReference = 2C2743BABF3A73FB69D7AE85 /* Pods-Esprit_SpaceTests.debug.xcconfig */;
			buildSettings = {
				ALWAYS_EMBED_SWIFT_STANDARD_LIBRARIES = YES;
				BUNDLE_LOADER = "$(TEST_HOST)";
				CODE_SIGN_STYLE = Automatic;
				CURRENT_PROJECT_VERSION = 1;
				GENERATE_INFOPLIST_FILE = YES;
				IPHONEOS_DEPLOYMENT_TARGET = 16.1;
				MARKETING_VERSION = 1.0;
				PRODUCT_BUNDLE_IDENTIFIER = "tn.esprit.Esprit-SpaceTests";
				PRODUCT_NAME = "$(TARGET_NAME)";
				SWIFT_EMIT_LOC_STRINGS = NO;
				SWIFT_VERSION = 5.0;
				TARGETED_DEVICE_FAMILY = "1,2";
				TEST_HOST = "$(BUILT_PRODUCTS_DIR)/Esprit_Space.app/$(BUNDLE_EXECUTABLE_FOLDER_PATH)/Esprit_Space";
			};
			name = Debug;
		};
		E4B5F23529C1107000BD201D /* Release */ = {
			isa = XCBuildConfiguration;
			baseConfigurationReference = 54B148D78FD859F778571382 /* Pods-Esprit_SpaceTests.release.xcconfig */;
			buildSettings = {
				ALWAYS_EMBED_SWIFT_STANDARD_LIBRARIES = YES;
				BUNDLE_LOADER = "$(TEST_HOST)";
				CODE_SIGN_STYLE = Automatic;
				CURRENT_PROJECT_VERSION = 1;
				GENERATE_INFOPLIST_FILE = YES;
				IPHONEOS_DEPLOYMENT_TARGET = 16.1;
				MARKETING_VERSION = 1.0;
				PRODUCT_BUNDLE_IDENTIFIER = "tn.esprit.Esprit-SpaceTests";
				PRODUCT_NAME = "$(TARGET_NAME)";
				SWIFT_EMIT_LOC_STRINGS = NO;
				SWIFT_VERSION = 5.0;
				TARGETED_DEVICE_FAMILY = "1,2";
				TEST_HOST = "$(BUILT_PRODUCTS_DIR)/Esprit_Space.app/$(BUNDLE_EXECUTABLE_FOLDER_PATH)/Esprit_Space";
			};
			name = Release;
		};
		E4B5F23729C1107000BD201D /* Debug */ = {
			isa = XCBuildConfiguration;
			baseConfigurationReference = 22F4CD1FDF5243DE0E3B0E8D /* Pods-Esprit_Space-Esprit_SpaceUITests.debug.xcconfig */;
			buildSettings = {
				ALWAYS_EMBED_SWIFT_STANDARD_LIBRARIES = YES;
				CODE_SIGN_STYLE = Automatic;
				CURRENT_PROJECT_VERSION = 1;
				GENERATE_INFOPLIST_FILE = YES;
				MARKETING_VERSION = 1.0;
				PRODUCT_BUNDLE_IDENTIFIER = "tn.esprit.Esprit-SpaceUITests";
				PRODUCT_NAME = "$(TARGET_NAME)";
				SWIFT_EMIT_LOC_STRINGS = NO;
				SWIFT_VERSION = 5.0;
				TARGETED_DEVICE_FAMILY = "1,2";
				TEST_TARGET_NAME = Esprit_Space;
			};
			name = Debug;
		};
		E4B5F23829C1107000BD201D /* Release */ = {
			isa = XCBuildConfiguration;
			baseConfigurationReference = 56B45BF10E6EE6AD92A170D3 /* Pods-Esprit_Space-Esprit_SpaceUITests.release.xcconfig */;
			buildSettings = {
				ALWAYS_EMBED_SWIFT_STANDARD_LIBRARIES = YES;
				CODE_SIGN_STYLE = Automatic;
				CURRENT_PROJECT_VERSION = 1;
				GENERATE_INFOPLIST_FILE = YES;
				MARKETING_VERSION = 1.0;
				PRODUCT_BUNDLE_IDENTIFIER = "tn.esprit.Esprit-SpaceUITests";
				PRODUCT_NAME = "$(TARGET_NAME)";
				SWIFT_EMIT_LOC_STRINGS = NO;
				SWIFT_VERSION = 5.0;
				TARGETED_DEVICE_FAMILY = "1,2";
				TEST_TARGET_NAME = Esprit_Space;
			};
			name = Release;
		};
/* End XCBuildConfiguration section */

/* Begin XCConfigurationList section */
		E4B5F20229C1106F00BD201D /* Build configuration list for PBXProject "Esprit_Space" */ = {
			isa = XCConfigurationList;
			buildConfigurations = (
				E4B5F22E29C1107000BD201D /* Debug */,
				E4B5F22F29C1107000BD201D /* Release */,
			);
			defaultConfigurationIsVisible = 0;
			defaultConfigurationName = Release;
		};
		E4B5F23029C1107000BD201D /* Build configuration list for PBXNativeTarget "Esprit_Space" */ = {
			isa = XCConfigurationList;
			buildConfigurations = (
				E4B5F23129C1107000BD201D /* Debug */,
				E4B5F23229C1107000BD201D /* Release */,
			);
			defaultConfigurationIsVisible = 0;
			defaultConfigurationName = Release;
		};
		E4B5F23329C1107000BD201D /* Build configuration list for PBXNativeTarget "Esprit_SpaceTests" */ = {
			isa = XCConfigurationList;
			buildConfigurations = (
				E4B5F23429C1107000BD201D /* Debug */,
				E4B5F23529C1107000BD201D /* Release */,
			);
			defaultConfigurationIsVisible = 0;
			defaultConfigurationName = Release;
		};
		E4B5F23629C1107000BD201D /* Build configuration list for PBXNativeTarget "Esprit_SpaceUITests" */ = {
			isa = XCConfigurationList;
			buildConfigurations = (
				E4B5F23729C1107000BD201D /* Debug */,
				E4B5F23829C1107000BD201D /* Release */,
			);
			defaultConfigurationIsVisible = 0;
			defaultConfigurationName = Release;
		};
/* End XCConfigurationList section */

/* Begin XCRemoteSwiftPackageReference section */
		0A137FAC29CC51E0001C74B0 /* XCRemoteSwiftPackageReference "bottombar-swiftui" */ = {
			isa = XCRemoteSwiftPackageReference;
			repositoryURL = "https://github.com/smartvipere75/bottombar-swiftui";
			requirement = {
				branch = master;
				kind = branch;
			};
		};
/* End XCRemoteSwiftPackageReference section */

/* Begin XCSwiftPackageProductDependency section */
		0A137FAD29CC51E0001C74B0 /* BottomBar-SwiftUI */ = {
			isa = XCSwiftPackageProductDependency;
			package = 0A137FAC29CC51E0001C74B0 /* XCRemoteSwiftPackageReference "bottombar-swiftui" */;
			productName = "BottomBar-SwiftUI";
		};
/* End XCSwiftPackageProductDependency section */

/* Begin XCVersionGroup section */
		E4B5F21529C1107000BD201D /* Esprit_Space.xcdatamodeld */ = {
			isa = XCVersionGroup;
			children = (
				E4B5F21629C1107000BD201D /* Esprit_Space.xcdatamodel */,
			);
			currentVersion = E4B5F21629C1107000BD201D /* Esprit_Space.xcdatamodel */;
			path = Esprit_Space.xcdatamodeld;
			sourceTree = "<group>";
			versionGroupType = wrapper.xcdatamodel;
		};
/* End XCVersionGroup section */
	};
	rootObject = E4B5F1FF29C1106F00BD201D /* Project object */;
}
